
Microsoft Visual Studio Solution File, Format Version 12.00
# Visual Studio Version 16
VisualStudioVersion = 16.0.29102.190
MinimumVisualStudioVersion = 10.0.40219.1
Project("{9A19103F-16F7-4668-BE54-9A1E7A4F7556}") = "ModuleA", "ModuleA\ModuleA.csproj", "{B21D853B-5DDB-41C1-977E-680F708FEDFA}"
EndProject
Project("{9A19103F-16F7-4668-BE54-9A1E7A4F7556}") = "ModuleB", "ModuleB\ModuleB.csproj", "{E7398EDD-DD20-4335-BBA8-F074247D1457}"
EndProject
Project("{9A19103F-16F7-4668-BE54-9A1E7A4F7556}") = "Interfaces", "Interfaces\Interfaces.csproj", "{E3EDD158-D167-4F5A-BD64-7B8A7FFB6668}"
EndProject
Project("{9A19103F-16F7-4668-BE54-9A1E7A4F7556}") = "ModuleOtherB", "ModuleOtherB\ModuleOtherB.csproj", "{9A171F28-4272-4ABE-90CF-2DDC0371B41E}"
EndProject
Project("{2150E333-8FDC-42A3-9474-1A3956D46DE8}") = "Modules", "Modules", "{6B4E53A7-CD7D-4073-88F5-4F1D21D5E44D}"
EndProject
Project("{2150E333-8FDC-42A3-9474-1A3956D46DE8}") = "Test", "Test", "{C326D10A-4348-429D-B3CE-AED320AC15DD}"
EndProject
Project("{9A19103F-16F7-4668-BE54-9A1E7A4F7556}") = "TestModuleA", "TestModuleA\TestModuleA.csproj", "{7061E624-AA91-475B-81AA-1A6D1AA27106}"
EndProject
Project("{2150E333-8FDC-42A3-9474-1A3956D46DE8}") = "Contracts", "Contracts", "{D25F862C-0899-4AC9-9B89-BA40658BAF9C}"
EndProject
Project("{9A19103F-16F7-4668-BE54-9A1E7A4F7556}") = "PrismApp", "TestApp\PrismApp.csproj", "{5E0A3A61-DCC8-4185-9904-0435EF192DA2}"
EndProject
Global
	GlobalSection(SolutionConfigurationPlatforms) = preSolution
		Debug|Any CPU = Debug|Any CPU
		Release|Any CPU = Release|Any CPU
	EndGlobalSection
	GlobalSection(ProjectConfigurationPlatforms) = postSolution
		{B21D853B-5DDB-41C1-977E-680F708FEDFA}.Debug|Any CPU.ActiveCfg = Debug|Any CPU
		{B21D853B-5DDB-41C1-977E-680F708FEDFA}.Debug|Any CPU.Build.0 = Debug|Any CPU
		{B21D853B-5DDB-41C1-977E-680F708FEDFA}.Release|Any CPU.ActiveCfg = Release|Any CPU
		{B21D853B-5DDB-41C1-977E-680F708FEDFA}.Release|Any CPU.Build.0 = Release|Any CPU
		{E7398EDD-DD20-4335-BBA8-F074247D1457}.Debug|Any CPU.ActiveCfg = Debug|Any CPU
		{E7398EDD-DD20-4335-BBA8-F074247D1457}.Debug|Any CPU.Build.0 = Debug|Any CPU
		{E7398EDD-DD20-4335-BBA8-F074247D1457}.Release|Any CPU.ActiveCfg = Release|Any CPU
		{E7398EDD-DD20-4335-BBA8-F074247D1457}.Release|Any CPU.Build.0 = Release|Any CPU
		{E3EDD158-D167-4F5A-BD64-7B8A7FFB6668}.Debug|Any CPU.ActiveCfg = Debug|Any CPU
		{E3EDD158-D167-4F5A-BD64-7B8A7FFB6668}.Debug|Any CPU.Build.0 = Debug|Any CPU
		{E3EDD158-D167-4F5A-BD64-7B8A7FFB6668}.Release|Any CPU.ActiveCfg = Release|Any CPU
		{E3EDD158-D167-4F5A-BD64-7B8A7FFB6668}.Release|Any CPU.Build.0 = Release|Any CPU
		{9A171F28-4272-4ABE-90CF-2DDC0371B41E}.Debug|Any CPU.ActiveCfg = Debug|Any CPU
		{9A171F28-4272-4ABE-90CF-2DDC0371B41E}.Debug|Any CPU.Build.0 = Debug|Any CPU
		{9A171F28-4272-4ABE-90CF-2DDC0371B41E}.Release|Any CPU.ActiveCfg = Release|Any CPU
		{9A171F28-4272-4ABE-90CF-2DDC0371B41E}.Release|Any CPU.Build.0 = Release|Any CPU
		{7061E624-AA91-475B-81AA-1A6D1AA27106}.Debug|Any CPU.ActiveCfg = Debug|Any CPU
		{7061E624-AA91-475B-81AA-1A6D1AA27106}.Debug|Any CPU.Build.0 = Debug|Any CPU
		{7061E624-AA91-475B-81AA-1A6D1AA27106}.Release|Any CPU.ActiveCfg = Release|Any CPU
		{7061E624-AA91-475B-81AA-1A6D1AA27106}.Release|Any CPU.Build.0 = Release|Any CPU
		{5E0A3A61-DCC8-4185-9904-0435EF192DA2}.Debug|Any CPU.ActiveCfg = Debug|Any CPU
		{5E0A3A61-DCC8-4185-9904-0435EF192DA2}.Debug|Any CPU.Build.0 = Debug|Any CPU
		{5E0A3A61-DCC8-4185-9904-0435EF192DA2}.Release|Any CPU.ActiveCfg = Release|Any CPU
		{5E0A3A61-DCC8-4185-9904-0435EF192DA2}.Release|Any CPU.Build.0 = Release|Any CPU
	EndGlobalSection
	GlobalSection(SolutionProperties) = preSolution
		HideSolutionNode = FALSE
	EndGlobalSection
	GlobalSection(NestedProjects) = preSolution
		{B21D853B-5DDB-41C1-977E-680F708FEDFA} = {6B4E53A7-CD7D-4073-88F5-4F1D21D5E44D}
		{E7398EDD-DD20-4335-BBA8-F074247D1457} = {6B4E53A7-CD7D-4073-88F5-4F1D21D5E44D}
		{E3EDD158-D167-4F5A-BD64-7B8A7FFB6668} = {D25F862C-0899-4AC9-9B89-BA40658BAF9C}
		{9A171F28-4272-4ABE-90CF-2DDC0371B41E} = {6B4E53A7-CD7D-4073-88F5-4F1D21D5E44D}
		{7061E624-AA91-475B-81AA-1A6D1AA27106} = {C326D10A-4348-429D-B3CE-AED320AC15DD}
	EndGlobalSection
	GlobalSection(ExtensibilityGlobals) = postSolution
		SolutionGuid = {7EBAF988-3291-4B96-95C6-B7FD5421BD38}
	EndGlobalSection
EndGlobal
